<?xml version="1.0" encoding="utf-8"?>
<Project ToolsVersion="4.0" xmlns="http://schemas.microsoft.com/developer/msbuild/2003">
  <ItemGroup>
    <ClCompile Include="src\main.cpp">
      <Filter>src</Filter>
    </ClCompile>
    <ClCompile Include="src\ofThief.cpp">
      <Filter>src</Filter>
    </ClCompile>
    <ClCompile Include="src\ofFinish.cpp">
      <Filter>src</Filter>
    </ClCompile>
    <ClCompile Include="src\ofLevel1.cpp">
      <Filter>src</Filter>
    </ClCompile>
    <ClCompile Include="src\ofLevel2.cpp">
      <Filter>src</Filter>
    </ClCompile>
    <ClCompile Include="src\ofLevel3.cpp">
      <Filter>src</Filter>
    </ClCompile>
    <ClCompile Include="src\ofLevel4.cpp">
      <Filter>src</Filter>
    </ClCompile>
    <ClCompile Include="src\ofSplash.cpp">
      <Filter>src</Filter>
    </ClCompile>
  </ItemGroup>
  <ItemGroup>
    <Filter Include="src">
      <UniqueIdentifier>{d8376475-7454-4a24-b08a-aac121d3ad6f}</UniqueIdentifier>
    </Filter>
  </ItemGroup>
  <ItemGroup>
    <ResourceCompile Include="icon.rc" />
  </ItemGroup>
  <ItemGroup>
    <ClInclude Include="src\ofThief.h">
      <Filter>src</Filter>
    </ClInclude>
    <ClInclude Include="src\ofFinish.h">
      <Filter>src</Filter>
    </ClInclude>
    <ClInclude Include="src\ofLevel1.h">
      <Filter>src</Filter>
    </ClInclude>
    <ClInclude Include="src\ofLevel2.h">
      <Filter>src</Filter>
    </ClInclude>
    <ClInclude Include="src\ofLevel3.h">
      <Filter>src</Filter>
    </ClInclude>
    <ClInclude Include="src\ofLevel4.h">
      <Filter>src</Filter>
    </ClInclude>
    <ClInclude Include="src\ofSplash.h">
      <Filter>src</Filter>
    </ClInclude>
  </ItemGroup>
</Project>